
Microsoft Visual Studio Solution File, Format Version 12.00
# Visual Studio 14
VisualStudioVersion = 14.0.25420.1
MinimumVisualStudioVersion = 10.0.40219.1
Project("{FAE04EC0-301F-11D3-BF4B-00C04F79EFBC}") = "EPS", "EPS\EPS.csproj", "{0E04869D-378B-4F6D-97B8-61EC252693FD}"
EndProject
Project("{FAE04EC0-301F-11D3-BF4B-00C04F79EFBC}") = "EncryptUtilities", "..\Common\EncryptUtilities\EncryptUtilities.csproj", "{EB833D79-9D87-48EC-B396-79AACE685253}"
EndProject
Project("{FAE04EC0-301F-11D3-BF4B-00C04F79EFBC}") = "StringUtilities", "..\Common\StringUtilities\StringUtilities.csproj", "{F7CAB867-EDEF-4E74-91BF-6C5385DCF513}"
EndProject
Project("{FAE04EC0-301F-11D3-BF4B-00C04F79EFBC}") = "User", "..\Common\User\User.csproj", "{F289F40D-39BB-4BBD-BF6E-25E2E73FB786}"
EndProject
Project("{FAE04EC0-301F-11D3-BF4B-00C04F79EFBC}") = "AppSettings", "..\Common\AppSettings\AppSettings.csproj", "{889D88F6-1668-418F-969A-6466670138B6}"
EndProject
Project("{FAE04EC0-301F-11D3-BF4B-00C04F79EFBC}") = "MultiColumnComboBox", "..\Common\MultiColumnComboBox\MultiColumnComboBox.csproj", "{4DD47A19-1A17-4C59-94BA-575E0C2ECC17}"
EndProject
Project("{FAE04EC0-301F-11D3-BF4B-00C04F79EFBC}") = "ARN", "Modules\ARN\ARN.csproj", "{25FD3DB7-AC87-4989-8F78-BD361427490A}"
EndProject
Project("{FAE04EC0-301F-11D3-BF4B-00C04F79EFBC}") = "SearchAccount", "Modules\SearchAccount\SearchAccount.csproj", "{DFC64719-406D-427C-9835-47C69EA2CFE8}"
EndProject
Project("{FAE04EC0-301F-11D3-BF4B-00C04F79EFBC}") = "Tables", "Modules\Tables\Tables.csproj", "{E3052CDD-4FBB-44CA-9674-580CC45BE0A7}"
EndProject
Project("{FAE04EC0-301F-11D3-BF4B-00C04F79EFBC}") = "Utilities", "Modules\Utilities\Utilities.csproj", "{DA501B98-0AE7-440F-BEC3-B82EB7B5669D}"
EndProject
Project("{FAE04EC0-301F-11D3-BF4B-00C04F79EFBC}") = "RPTEntities", "RPTEntities\RPTEntities.csproj", "{504A3376-CF05-4051-ABBE-A27ECA16341F}"
EndProject
Project("{FAE04EC0-301F-11D3-BF4B-00C04F79EFBC}") = "EPSEntities", "EPSEntities\EPSEntities.csproj", "{64F894BD-DF57-4D82-8C15-4BEA4081B870}"
EndProject
Project("{FAE04EC0-301F-11D3-BF4B-00C04F79EFBC}") = "Reports", "Modules\Reports\Reports.csproj", "{A1A0D417-393F-454F-A44B-A9717ABD73E8}"
EndProject
Project("{FAE04EC0-301F-11D3-BF4B-00C04F79EFBC}") = "Transactions", "Modules\Transactions\Transactions.csproj", "{F34E5205-51E9-4D82-BF7A-BCEB77139DC2}"
EndProject
Project("{FAE04EC0-301F-11D3-BF4B-00C04F79EFBC}") = "Records", "Modules\Records\Records.csproj", "{06B2EC66-DB06-4A88-98DB-922969D57DA8}"
EndProject
Project("{FAE04EC0-301F-11D3-BF4B-00C04F79EFBC}") = "ARCSEntities", "ARCSEntities\ARCSEntities.csproj", "{F6A001EB-D61B-4A32-8EAB-E123AA412157}"
EndProject
Project("{FAE04EC0-301F-11D3-BF4B-00C04F79EFBC}") = "Billing", "Modules\Billing\Billing.csproj", "{BCFD28A2-0B61-4D7C-AADB-57B9ACC5877D}"
EndProject
Project("{FAE04EC0-301F-11D3-BF4B-00C04F79EFBC}") = "DataConnector", "..\Common\DataConnector\DataConnector.csproj", "{7C12DA36-676A-49B3-B59D-C07C96539620}"
EndProject
Global
	GlobalSection(SolutionConfigurationPlatforms) = preSolution
		Debug|Any CPU = Debug|Any CPU
		Debug|x64 = Debug|x64
		Debug|x86 = Debug|x86
		Release|Any CPU = Release|Any CPU
		Release|x64 = Release|x64
		Release|x86 = Release|x86
	EndGlobalSection
	GlobalSection(ProjectConfigurationPlatforms) = postSolution
		{0E04869D-378B-4F6D-97B8-61EC252693FD}.Debug|Any CPU.ActiveCfg = Debug|Any CPU
		{0E04869D-378B-4F6D-97B8-61EC252693FD}.Debug|Any CPU.Build.0 = Debug|Any CPU
		{0E04869D-378B-4F6D-97B8-61EC252693FD}.Debug|x64.ActiveCfg = Debug|Any CPU
		{0E04869D-378B-4F6D-97B8-61EC252693FD}.Debug|x64.Build.0 = Debug|Any CPU
		{0E04869D-378B-4F6D-97B8-61EC252693FD}.Debug|x86.ActiveCfg = Debug|x86
		{0E04869D-378B-4F6D-97B8-61EC252693FD}.Debug|x86.Build.0 = Debug|x86
		{0E04869D-378B-4F6D-97B8-61EC252693FD}.Release|Any CPU.ActiveCfg = Release|Any CPU
		{0E04869D-378B-4F6D-97B8-61EC252693FD}.Release|Any CPU.Build.0 = Release|Any CPU
		{0E04869D-378B-4F6D-97B8-61EC252693FD}.Release|x64.ActiveCfg = Release|Any CPU
		{0E04869D-378B-4F6D-97B8-61EC252693FD}.Release|x64.Build.0 = Release|Any CPU
		{0E04869D-378B-4F6D-97B8-61EC252693FD}.Release|x86.ActiveCfg = Release|x86
		{0E04869D-378B-4F6D-97B8-61EC252693FD}.Release|x86.Build.0 = Release|x86
		{EB833D79-9D87-48EC-B396-79AACE685253}.Debug|Any CPU.ActiveCfg = Debug|Any CPU
		{EB833D79-9D87-48EC-B396-79AACE685253}.Debug|Any CPU.Build.0 = Debug|Any CPU
		{EB833D79-9D87-48EC-B396-79AACE685253}.Debug|x64.ActiveCfg = Debug|x64
		{EB833D79-9D87-48EC-B396-79AACE685253}.Debug|x64.Build.0 = Debug|x64
		{EB833D79-9D87-48EC-B396-79AACE685253}.Debug|x86.ActiveCfg = Debug|x86
		{EB833D79-9D87-48EC-B396-79AACE685253}.Debug|x86.Build.0 = Debug|x86
		{EB833D79-9D87-48EC-B396-79AACE685253}.Release|Any CPU.ActiveCfg = Release|Any CPU
		{EB833D79-9D87-48EC-B396-79AACE685253}.Release|Any CPU.Build.0 = Release|Any CPU
		{EB833D79-9D87-48EC-B396-79AACE685253}.Release|x64.ActiveCfg = Release|x64
		{EB833D79-9D87-48EC-B396-79AACE685253}.Release|x64.Build.0 = Release|x64
		{EB833D79-9D87-48EC-B396-79AACE685253}.Release|x86.ActiveCfg = Release|x86
		{EB833D79-9D87-48EC-B396-79AACE685253}.Release|x86.Build.0 = Release|x86
		{F7CAB867-EDEF-4E74-91BF-6C5385DCF513}.Debug|Any CPU.ActiveCfg = Debug|Any CPU
		{F7CAB867-EDEF-4E74-91BF-6C5385DCF513}.Debug|Any CPU.Build.0 = Debug|Any CPU
		{F7CAB867-EDEF-4E74-91BF-6C5385DCF513}.Debug|x64.ActiveCfg = Debug|x64
		{F7CAB867-EDEF-4E74-91BF-6C5385DCF513}.Debug|x64.Build.0 = Debug|x64
		{F7CAB867-EDEF-4E74-91BF-6C5385DCF513}.Debug|x86.ActiveCfg = Debug|x86
		{F7CAB867-EDEF-4E74-91BF-6C5385DCF513}.Debug|x86.Build.0 = Debug|x86
		{F7CAB867-EDEF-4E74-91BF-6C5385DCF513}.Release|Any CPU.ActiveCfg = Release|Any CPU
		{F7CAB867-EDEF-4E74-91BF-6C5385DCF513}.Release|Any CPU.Build.0 = Release|Any CPU
		{F7CAB867-EDEF-4E74-91BF-6C5385DCF513}.Release|x64.ActiveCfg = Release|x64
		{F7CAB867-EDEF-4E74-91BF-6C5385DCF513}.Release|x64.Build.0 = Release|x64
		{F7CAB867-EDEF-4E74-91BF-6C5385DCF513}.Release|x86.ActiveCfg = Release|x86
		{F7CAB867-EDEF-4E74-91BF-6C5385DCF513}.Release|x86.Build.0 = Release|x86
		{F289F40D-39BB-4BBD-BF6E-25E2E73FB786}.Debug|Any CPU.ActiveCfg = Debug|Any CPU
		{F289F40D-39BB-4BBD-BF6E-25E2E73FB786}.Debug|Any CPU.Build.0 = Debug|Any CPU
		{F289F40D-39BB-4BBD-BF6E-25E2E73FB786}.Debug|x64.ActiveCfg = Debug|Any CPU
		{F289F40D-39BB-4BBD-BF6E-25E2E73FB786}.Debug|x64.Build.0 = Debug|Any CPU
		{F289F40D-39BB-4BBD-BF6E-25E2E73FB786}.Debug|x86.ActiveCfg = Debug|x86
		{F289F40D-39BB-4BBD-BF6E-25E2E73FB786}.Debug|x86.Build.0 = Debug|x86
		{F289F40D-39BB-4BBD-BF6E-25E2E73FB786}.Release|Any CPU.ActiveCfg = Release|Any CPU
		{F289F40D-39BB-4BBD-BF6E-25E2E73FB786}.Release|Any CPU.Build.0 = Release|Any CPU
		{F289F40D-39BB-4BBD-BF6E-25E2E73FB786}.Release|x64.ActiveCfg = Release|Any CPU
		{F289F40D-39BB-4BBD-BF6E-25E2E73FB786}.Release|x64.Build.0 = Release|Any CPU
		{F289F40D-39BB-4BBD-BF6E-25E2E73FB786}.Release|x86.ActiveCfg = Release|Any CPU
		{F289F40D-39BB-4BBD-BF6E-25E2E73FB786}.Release|x86.Build.0 = Release|Any CPU
		{889D88F6-1668-418F-969A-6466670138B6}.Debug|Any CPU.ActiveCfg = Debug|Any CPU
		{889D88F6-1668-418F-969A-6466670138B6}.Debug|Any CPU.Build.0 = Debug|Any CPU
		{889D88F6-1668-418F-969A-6466670138B6}.Debug|x64.ActiveCfg = Debug|Any CPU
		{889D88F6-1668-418F-969A-6466670138B6}.Debug|x64.Build.0 = Debug|Any CPU
		{889D88F6-1668-418F-969A-6466670138B6}.Debug|x86.ActiveCfg = Debug|x86
		{889D88F6-1668-418F-969A-6466670138B6}.Debug|x86.Build.0 = Debug|x86
		{889D88F6-1668-418F-969A-6466670138B6}.Release|Any CPU.ActiveCfg = Release|Any CPU
		{889D88F6-1668-418F-969A-6466670138B6}.Release|Any CPU.Build.0 = Release|Any CPU
		{889D88F6-1668-418F-969A-6466670138B6}.Release|x64.ActiveCfg = Release|Any CPU
		{889D88F6-1668-418F-969A-6466670138B6}.Release|x64.Build.0 = Release|Any CPU
		{889D88F6-1668-418F-969A-6466670138B6}.Release|x86.ActiveCfg = Release|Any CPU
		{889D88F6-1668-418F-969A-6466670138B6}.Release|x86.Build.0 = Release|Any CPU
		{4DD47A19-1A17-4C59-94BA-575E0C2ECC17}.Debug|Any CPU.ActiveCfg = Debug|Any CPU
		{4DD47A19-1A17-4C59-94BA-575E0C2ECC17}.Debug|Any CPU.Build.0 = Debug|Any CPU
		{4DD47A19-1A17-4C59-94BA-575E0C2ECC17}.Debug|x64.ActiveCfg = Debug|Any CPU
		{4DD47A19-1A17-4C59-94BA-575E0C2ECC17}.Debug|x64.Build.0 = Debug|Any CPU
		{4DD47A19-1A17-4C59-94BA-575E0C2ECC17}.Debug|x86.ActiveCfg = Debug|x86
		{4DD47A19-1A17-4C59-94BA-575E0C2ECC17}.Debug|x86.Build.0 = Debug|x86
		{4DD47A19-1A17-4C59-94BA-575E0C2ECC17}.Release|Any CPU.ActiveCfg = Release|Any CPU
		{4DD47A19-1A17-4C59-94BA-575E0C2ECC17}.Release|Any CPU.Build.0 = Release|Any CPU
		{4DD47A19-1A17-4C59-94BA-575E0C2ECC17}.Release|x64.ActiveCfg = Release|Any CPU
		{4DD47A19-1A17-4C59-94BA-575E0C2ECC17}.Release|x64.Build.0 = Release|Any CPU
		{4DD47A19-1A17-4C59-94BA-575E0C2ECC17}.Release|x86.ActiveCfg = Release|x86
		{4DD47A19-1A17-4C59-94BA-575E0C2ECC17}.Release|x86.Build.0 = Release|x86
		{25FD3DB7-AC87-4989-8F78-BD361427490A}.Debug|Any CPU.ActiveCfg = Debug|Any CPU
		{25FD3DB7-AC87-4989-8F78-BD361427490A}.Debug|Any CPU.Build.0 = Debug|Any CPU
		{25FD3DB7-AC87-4989-8F78-BD361427490A}.Debug|x64.ActiveCfg = Debug|Any CPU
		{25FD3DB7-AC87-4989-8F78-BD361427490A}.Debug|x64.Build.0 = Debug|Any CPU
		{25FD3DB7-AC87-4989-8F78-BD361427490A}.Debug|x86.ActiveCfg = Debug|x86
		{25FD3DB7-AC87-4989-8F78-BD361427490A}.Debug|x86.Build.0 = Debug|x86
		{25FD3DB7-AC87-4989-8F78-BD361427490A}.Release|Any CPU.ActiveCfg = Release|Any CPU
		{25FD3DB7-AC87-4989-8F78-BD361427490A}.Release|Any CPU.Build.0 = Release|Any CPU
		{25FD3DB7-AC87-4989-8F78-BD361427490A}.Release|x64.ActiveCfg = Release|Any CPU
		{25FD3DB7-AC87-4989-8F78-BD361427490A}.Release|x64.Build.0 = Release|Any CPU
		{25FD3DB7-AC87-4989-8F78-BD361427490A}.Release|x86.ActiveCfg = Release|Any CPU
		{25FD3DB7-AC87-4989-8F78-BD361427490A}.Release|x86.Build.0 = Release|Any CPU
		{DFC64719-406D-427C-9835-47C69EA2CFE8}.Debug|Any CPU.ActiveCfg = Debug|Any CPU
		{DFC64719-406D-427C-9835-47C69EA2CFE8}.Debug|Any CPU.Build.0 = Debug|Any CPU
		{DFC64719-406D-427C-9835-47C69EA2CFE8}.Debug|x64.ActiveCfg = Debug|Any CPU
		{DFC64719-406D-427C-9835-47C69EA2CFE8}.Debug|x64.Build.0 = Debug|Any CPU
		{DFC64719-406D-427C-9835-47C69EA2CFE8}.Debug|x86.ActiveCfg = Debug|x86
		{DFC64719-406D-427C-9835-47C69EA2CFE8}.Debug|x86.Build.0 = Debug|x86
		{DFC64719-406D-427C-9835-47C69EA2CFE8}.Release|Any CPU.ActiveCfg = Release|Any CPU
		{DFC64719-406D-427C-9835-47C69EA2CFE8}.Release|Any CPU.Build.0 = Release|Any CPU
		{DFC64719-406D-427C-9835-47C69EA2CFE8}.Release|x64.ActiveCfg = Release|Any CPU
		{DFC64719-406D-427C-9835-47C69EA2CFE8}.Release|x64.Build.0 = Release|Any CPU
		{DFC64719-406D-427C-9835-47C69EA2CFE8}.Release|x86.ActiveCfg = Release|Any CPU
		{DFC64719-406D-427C-9835-47C69EA2CFE8}.Release|x86.Build.0 = Release|Any CPU
		{E3052CDD-4FBB-44CA-9674-580CC45BE0A7}.Debug|Any CPU.ActiveCfg = Debug|Any CPU
		{E3052CDD-4FBB-44CA-9674-580CC45BE0A7}.Debug|Any CPU.Build.0 = Debug|Any CPU
		{E3052CDD-4FBB-44CA-9674-580CC45BE0A7}.Debug|x64.ActiveCfg = Debug|Any CPU
		{E3052CDD-4FBB-44CA-9674-580CC45BE0A7}.Debug|x64.Build.0 = Debug|Any CPU
		{E3052CDD-4FBB-44CA-9674-580CC45BE0A7}.Debug|x86.ActiveCfg = Debug|x86
		{E3052CDD-4FBB-44CA-9674-580CC45BE0A7}.Debug|x86.Build.0 = Debug|x86
		{E3052CDD-4FBB-44CA-9674-580CC45BE0A7}.Release|Any CPU.ActiveCfg = Release|Any CPU
		{E3052CDD-4FBB-44CA-9674-580CC45BE0A7}.Release|Any CPU.Build.0 = Release|Any CPU
		{E3052CDD-4FBB-44CA-9674-580CC45BE0A7}.Release|x64.ActiveCfg = Release|Any CPU
		{E3052CDD-4FBB-44CA-9674-580CC45BE0A7}.Release|x64.Build.0 = Release|Any CPU
		{E3052CDD-4FBB-44CA-9674-580CC45BE0A7}.Release|x86.ActiveCfg = Release|x86
		{E3052CDD-4FBB-44CA-9674-580CC45BE0A7}.Release|x86.Build.0 = Release|x86
		{DA501B98-0AE7-440F-BEC3-B82EB7B5669D}.Debug|Any CPU.ActiveCfg = Debug|Any CPU
		{DA501B98-0AE7-440F-BEC3-B82EB7B5669D}.Debug|Any CPU.Build.0 = Debug|Any CPU
		{DA501B98-0AE7-440F-BEC3-B82EB7B5669D}.Debug|x64.ActiveCfg = Debug|Any CPU
		{DA501B98-0AE7-440F-BEC3-B82EB7B5669D}.Debug|x64.Build.0 = Debug|Any CPU
		{DA501B98-0AE7-440F-BEC3-B82EB7B5669D}.Debug|x86.ActiveCfg = Debug|x86
		{DA501B98-0AE7-440F-BEC3-B82EB7B5669D}.Debug|x86.Build.0 = Debug|x86
		{DA501B98-0AE7-440F-BEC3-B82EB7B5669D}.Release|Any CPU.ActiveCfg = Release|Any CPU
		{DA501B98-0AE7-440F-BEC3-B82EB7B5669D}.Release|Any CPU.Build.0 = Release|Any CPU
		{DA501B98-0AE7-440F-BEC3-B82EB7B5669D}.Release|x64.ActiveCfg = Release|Any CPU
		{DA501B98-0AE7-440F-BEC3-B82EB7B5669D}.Release|x64.Build.0 = Release|Any CPU
		{DA501B98-0AE7-440F-BEC3-B82EB7B5669D}.Release|x86.ActiveCfg = Release|Any CPU
		{DA501B98-0AE7-440F-BEC3-B82EB7B5669D}.Release|x86.Build.0 = Release|Any CPU
		{504A3376-CF05-4051-ABBE-A27ECA16341F}.Debug|Any CPU.ActiveCfg = Debug|Any CPU
		{504A3376-CF05-4051-ABBE-A27ECA16341F}.Debug|Any CPU.Build.0 = Debug|Any CPU
		{504A3376-CF05-4051-ABBE-A27ECA16341F}.Debug|x64.ActiveCfg = Debug|Any CPU
		{504A3376-CF05-4051-ABBE-A27ECA16341F}.Debug|x64.Build.0 = Debug|Any CPU
		{504A3376-CF05-4051-ABBE-A27ECA16341F}.Debug|x86.ActiveCfg = Debug|x86
		{504A3376-CF05-4051-ABBE-A27ECA16341F}.Debug|x86.Build.0 = Debug|x86
		{504A3376-CF05-4051-ABBE-A27ECA16341F}.Release|Any CPU.ActiveCfg = Release|Any CPU
		{504A3376-CF05-4051-ABBE-A27ECA16341F}.Release|Any CPU.Build.0 = Release|Any CPU
		{504A3376-CF05-4051-ABBE-A27ECA16341F}.Release|x64.ActiveCfg = Release|Any CPU
		{504A3376-CF05-4051-ABBE-A27ECA16341F}.Release|x64.Build.0 = Release|Any CPU
		{504A3376-CF05-4051-ABBE-A27ECA16341F}.Release|x86.ActiveCfg = Release|Any CPU
		{504A3376-CF05-4051-ABBE-A27ECA16341F}.Release|x86.Build.0 = Release|Any CPU
		{64F894BD-DF57-4D82-8C15-4BEA4081B870}.Debug|Any CPU.ActiveCfg = Debug|Any CPU
		{64F894BD-DF57-4D82-8C15-4BEA4081B870}.Debug|Any CPU.Build.0 = Debug|Any CPU
		{64F894BD-DF57-4D82-8C15-4BEA4081B870}.Debug|x64.ActiveCfg = Debug|Any CPU
		{64F894BD-DF57-4D82-8C15-4BEA4081B870}.Debug|x64.Build.0 = Debug|Any CPU
		{64F894BD-DF57-4D82-8C15-4BEA4081B870}.Debug|x86.ActiveCfg = Debug|x86
		{64F894BD-DF57-4D82-8C15-4BEA4081B870}.Debug|x86.Build.0 = Debug|x86
		{64F894BD-DF57-4D82-8C15-4BEA4081B870}.Release|Any CPU.ActiveCfg = Release|Any CPU
		{64F894BD-DF57-4D82-8C15-4BEA4081B870}.Release|Any CPU.Build.0 = Release|Any CPU
		{64F894BD-DF57-4D82-8C15-4BEA4081B870}.Release|x64.ActiveCfg = Release|Any CPU
		{64F894BD-DF57-4D82-8C15-4BEA4081B870}.Release|x64.Build.0 = Release|Any CPU
		{64F894BD-DF57-4D82-8C15-4BEA4081B870}.Release|x86.ActiveCfg = Release|Any CPU
		{64F894BD-DF57-4D82-8C15-4BEA4081B870}.Release|x86.Build.0 = Release|Any CPU
		{A1A0D417-393F-454F-A44B-A9717ABD73E8}.Debug|Any CPU.ActiveCfg = Debug|Any CPU
		{A1A0D417-393F-454F-A44B-A9717ABD73E8}.Debug|Any CPU.Build.0 = Debug|Any CPU
		{A1A0D417-393F-454F-A44B-A9717ABD73E8}.Debug|x64.ActiveCfg = Debug|Any CPU
		{A1A0D417-393F-454F-A44B-A9717ABD73E8}.Debug|x64.Build.0 = Debug|Any CPU
		{A1A0D417-393F-454F-A44B-A9717ABD73E8}.Debug|x86.ActiveCfg = Debug|x86
		{A1A0D417-393F-454F-A44B-A9717ABD73E8}.Debug|x86.Build.0 = Debug|x86
		{A1A0D417-393F-454F-A44B-A9717ABD73E8}.Release|Any CPU.ActiveCfg = Release|Any CPU
		{A1A0D417-393F-454F-A44B-A9717ABD73E8}.Release|Any CPU.Build.0 = Release|Any CPU
		{A1A0D417-393F-454F-A44B-A9717ABD73E8}.Release|x64.ActiveCfg = Release|Any CPU
		{A1A0D417-393F-454F-A44B-A9717ABD73E8}.Release|x64.Build.0 = Release|Any CPU
		{A1A0D417-393F-454F-A44B-A9717ABD73E8}.Release|x86.ActiveCfg = Release|Any CPU
		{A1A0D417-393F-454F-A44B-A9717ABD73E8}.Release|x86.Build.0 = Release|Any CPU
		{F34E5205-51E9-4D82-BF7A-BCEB77139DC2}.Debug|Any CPU.ActiveCfg = Debug|Any CPU
		{F34E5205-51E9-4D82-BF7A-BCEB77139DC2}.Debug|Any CPU.Build.0 = Debug|Any CPU
		{F34E5205-51E9-4D82-BF7A-BCEB77139DC2}.Debug|x64.ActiveCfg = Debug|Any CPU
		{F34E5205-51E9-4D82-BF7A-BCEB77139DC2}.Debug|x64.Build.0 = Debug|Any CPU
		{F34E5205-51E9-4D82-BF7A-BCEB77139DC2}.Debug|x86.ActiveCfg = Debug|x86
		{F34E5205-51E9-4D82-BF7A-BCEB77139DC2}.Debug|x86.Build.0 = Debug|x86
		{F34E5205-51E9-4D82-BF7A-BCEB77139DC2}.Release|Any CPU.ActiveCfg = Release|Any CPU
		{F34E5205-51E9-4D82-BF7A-BCEB77139DC2}.Release|Any CPU.Build.0 = Release|Any CPU
		{F34E5205-51E9-4D82-BF7A-BCEB77139DC2}.Release|x64.ActiveCfg = Release|Any CPU
		{F34E5205-51E9-4D82-BF7A-BCEB77139DC2}.Release|x64.Build.0 = Release|Any CPU
		{F34E5205-51E9-4D82-BF7A-BCEB77139DC2}.Release|x86.ActiveCfg = Release|Any CPU
		{F34E5205-51E9-4D82-BF7A-BCEB77139DC2}.Release|x86.Build.0 = Release|Any CPU
		{06B2EC66-DB06-4A88-98DB-922969D57DA8}.Debug|Any CPU.ActiveCfg = Debug|Any CPU
		{06B2EC66-DB06-4A88-98DB-922969D57DA8}.Debug|Any CPU.Build.0 = Debug|Any CPU
		{06B2EC66-DB06-4A88-98DB-922969D57DA8}.Debug|x64.ActiveCfg = Debug|Any CPU
		{06B2EC66-DB06-4A88-98DB-922969D57DA8}.Debug|x64.Build.0 = Debug|Any CPU
		{06B2EC66-DB06-4A88-98DB-922969D57DA8}.Debug|x86.ActiveCfg = Debug|x86
		{06B2EC66-DB06-4A88-98DB-922969D57DA8}.Debug|x86.Build.0 = Debug|x86
		{06B2EC66-DB06-4A88-98DB-922969D57DA8}.Release|Any CPU.ActiveCfg = Release|Any CPU
		{06B2EC66-DB06-4A88-98DB-922969D57DA8}.Release|Any CPU.Build.0 = Release|Any CPU
		{06B2EC66-DB06-4A88-98DB-922969D57DA8}.Release|x64.ActiveCfg = Release|Any CPU
		{06B2EC66-DB06-4A88-98DB-922969D57DA8}.Release|x64.Build.0 = Release|Any CPU
		{06B2EC66-DB06-4A88-98DB-922969D57DA8}.Release|x86.ActiveCfg = Release|Any CPU
		{06B2EC66-DB06-4A88-98DB-922969D57DA8}.Release|x86.Build.0 = Release|Any CPU
		{F6A001EB-D61B-4A32-8EAB-E123AA412157}.Debug|Any CPU.ActiveCfg = Debug|Any CPU
		{F6A001EB-D61B-4A32-8EAB-E123AA412157}.Debug|Any CPU.Build.0 = Debug|Any CPU
		{F6A001EB-D61B-4A32-8EAB-E123AA412157}.Debug|x64.ActiveCfg = Debug|Any CPU
		{F6A001EB-D61B-4A32-8EAB-E123AA412157}.Debug|x64.Build.0 = Debug|Any CPU
		{F6A001EB-D61B-4A32-8EAB-E123AA412157}.Debug|x86.ActiveCfg = Debug|x86
		{F6A001EB-D61B-4A32-8EAB-E123AA412157}.Debug|x86.Build.0 = Debug|x86
		{F6A001EB-D61B-4A32-8EAB-E123AA412157}.Release|Any CPU.ActiveCfg = Release|Any CPU
		{F6A001EB-D61B-4A32-8EAB-E123AA412157}.Release|Any CPU.Build.0 = Release|Any CPU
		{F6A001EB-D61B-4A32-8EAB-E123AA412157}.Release|x64.ActiveCfg = Release|Any CPU
		{F6A001EB-D61B-4A32-8EAB-E123AA412157}.Release|x64.Build.0 = Release|Any CPU
		{F6A001EB-D61B-4A32-8EAB-E123AA412157}.Release|x86.ActiveCfg = Release|Any CPU
		{F6A001EB-D61B-4A32-8EAB-E123AA412157}.Release|x86.Build.0 = Release|Any CPU
		{BCFD28A2-0B61-4D7C-AADB-57B9ACC5877D}.Debug|Any CPU.ActiveCfg = Debug|Any CPU
		{BCFD28A2-0B61-4D7C-AADB-57B9ACC5877D}.Debug|Any CPU.Build.0 = Debug|Any CPU
		{BCFD28A2-0B61-4D7C-AADB-57B9ACC5877D}.Debug|x64.ActiveCfg = Debug|Any CPU
		{BCFD28A2-0B61-4D7C-AADB-57B9ACC5877D}.Debug|x64.Build.0 = Debug|Any CPU
		{BCFD28A2-0B61-4D7C-AADB-57B9ACC5877D}.Debug|x86.ActiveCfg = Debug|x86
		{BCFD28A2-0B61-4D7C-AADB-57B9ACC5877D}.Debug|x86.Build.0 = Debug|x86
		{BCFD28A2-0B61-4D7C-AADB-57B9ACC5877D}.Release|Any CPU.ActiveCfg = Release|Any CPU
		{BCFD28A2-0B61-4D7C-AADB-57B9ACC5877D}.Release|Any CPU.Build.0 = Release|Any CPU
		{BCFD28A2-0B61-4D7C-AADB-57B9ACC5877D}.Release|x64.ActiveCfg = Release|Any CPU
		{BCFD28A2-0B61-4D7C-AADB-57B9ACC5877D}.Release|x64.Build.0 = Release|Any CPU
		{BCFD28A2-0B61-4D7C-AADB-57B9ACC5877D}.Release|x86.ActiveCfg = Release|Any CPU
		{BCFD28A2-0B61-4D7C-AADB-57B9ACC5877D}.Release|x86.Build.0 = Release|Any CPU
		{7C12DA36-676A-49B3-B59D-C07C96539620}.Debug|Any CPU.ActiveCfg = Debug|Any CPU
		{7C12DA36-676A-49B3-B59D-C07C96539620}.Debug|Any CPU.Build.0 = Debug|Any CPU
		{7C12DA36-676A-49B3-B59D-C07C96539620}.Debug|x64.ActiveCfg = Debug|Any CPU
		{7C12DA36-676A-49B3-B59D-C07C96539620}.Debug|x64.Build.0 = Debug|Any CPU
		{7C12DA36-676A-49B3-B59D-C07C96539620}.Debug|x86.ActiveCfg = Debug|x86
		{7C12DA36-676A-49B3-B59D-C07C96539620}.Debug|x86.Build.0 = Debug|x86
		{7C12DA36-676A-49B3-B59D-C07C96539620}.Release|Any CPU.ActiveCfg = Release|Any CPU
		{7C12DA36-676A-49B3-B59D-C07C96539620}.Release|Any CPU.Build.0 = Release|Any CPU
		{7C12DA36-676A-49B3-B59D-C07C96539620}.Release|x64.ActiveCfg = Release|Any CPU
		{7C12DA36-676A-49B3-B59D-C07C96539620}.Release|x64.Build.0 = Release|Any CPU
		{7C12DA36-676A-49B3-B59D-C07C96539620}.Release|x86.ActiveCfg = Release|Any CPU
		{7C12DA36-676A-49B3-B59D-C07C96539620}.Release|x86.Build.0 = Release|Any CPU
	EndGlobalSection
	GlobalSection(SolutionProperties) = preSolution
		HideSolutionNode = FALSE
	EndGlobalSection
EndGlobal
