
Microsoft Visual Studio Solution File, Format Version 12.00
# Visual Studio 14
VisualStudioVersion = 14.0.25420.1
MinimumVisualStudioVersion = 10.0.40219.1
Project("{FAE04EC0-301F-11D3-BF4B-00C04F79EFBC}") = "EPS", "EPS\EPS.csproj", "{0E04869D-378B-4F6D-97B8-61EC252693FD}"
EndProject
Project("{FAE04EC0-301F-11D3-BF4B-00C04F79EFBC}") = "DataConnector", "..\Common\DataConnector\DataConnector\DataConnector.csproj", "{7C12DA36-676A-49B3-B59D-C07C96539620}"
EndProject
Project("{FAE04EC0-301F-11D3-BF4B-00C04F79EFBC}") = "EncryptUtilities", "..\Common\EncryptUtilities\EncryptUtilities.csproj", "{EB833D79-9D87-48EC-B396-79AACE685253}"
EndProject
Project("{FAE04EC0-301F-11D3-BF4B-00C04F79EFBC}") = "StringUtilities", "..\Common\StringUtilities\StringUtilities.csproj", "{F7CAB867-EDEF-4E74-91BF-6C5385DCF513}"
EndProject
Project("{FAE04EC0-301F-11D3-BF4B-00C04F79EFBC}") = "Tables", "Tables\Tables.csproj", "{E3052CDD-4FBB-44CA-9674-580CC45BE0A7}"
EndProject
Project("{FAE04EC0-301F-11D3-BF4B-00C04F79EFBC}") = "Utilities", "Utilities\Utilities.csproj", "{6A845B4B-9A1B-4BA1-918E-0C9DAE8E1464}"
EndProject
Global
	GlobalSection(SolutionConfigurationPlatforms) = preSolution
		Debug|Any CPU = Debug|Any CPU
		Debug|x64 = Debug|x64
		Debug|x86 = Debug|x86
		Release|Any CPU = Release|Any CPU
		Release|x64 = Release|x64
		Release|x86 = Release|x86
	EndGlobalSection
	GlobalSection(ProjectConfigurationPlatforms) = postSolution
		{0E04869D-378B-4F6D-97B8-61EC252693FD}.Debug|Any CPU.ActiveCfg = Debug|Any CPU
		{0E04869D-378B-4F6D-97B8-61EC252693FD}.Debug|Any CPU.Build.0 = Debug|Any CPU
		{0E04869D-378B-4F6D-97B8-61EC252693FD}.Debug|x64.ActiveCfg = Debug|Any CPU
		{0E04869D-378B-4F6D-97B8-61EC252693FD}.Debug|x64.Build.0 = Debug|Any CPU
		{0E04869D-378B-4F6D-97B8-61EC252693FD}.Debug|x86.ActiveCfg = Debug|x86
		{0E04869D-378B-4F6D-97B8-61EC252693FD}.Debug|x86.Build.0 = Debug|x86
		{0E04869D-378B-4F6D-97B8-61EC252693FD}.Release|Any CPU.ActiveCfg = Release|Any CPU
		{0E04869D-378B-4F6D-97B8-61EC252693FD}.Release|Any CPU.Build.0 = Release|Any CPU
		{0E04869D-378B-4F6D-97B8-61EC252693FD}.Release|x64.ActiveCfg = Release|Any CPU
		{0E04869D-378B-4F6D-97B8-61EC252693FD}.Release|x64.Build.0 = Release|Any CPU
		{0E04869D-378B-4F6D-97B8-61EC252693FD}.Release|x86.ActiveCfg = Release|x86
		{0E04869D-378B-4F6D-97B8-61EC252693FD}.Release|x86.Build.0 = Release|x86
		{7C12DA36-676A-49B3-B59D-C07C96539620}.Debug|Any CPU.ActiveCfg = Debug|Any CPU
		{7C12DA36-676A-49B3-B59D-C07C96539620}.Debug|Any CPU.Build.0 = Debug|Any CPU
		{7C12DA36-676A-49B3-B59D-C07C96539620}.Debug|x64.ActiveCfg = Debug|x64
		{7C12DA36-676A-49B3-B59D-C07C96539620}.Debug|x64.Build.0 = Debug|x64
		{7C12DA36-676A-49B3-B59D-C07C96539620}.Debug|x86.ActiveCfg = Debug|x86
		{7C12DA36-676A-49B3-B59D-C07C96539620}.Debug|x86.Build.0 = Debug|x86
		{7C12DA36-676A-49B3-B59D-C07C96539620}.Release|Any CPU.ActiveCfg = Release|Any CPU
		{7C12DA36-676A-49B3-B59D-C07C96539620}.Release|Any CPU.Build.0 = Release|Any CPU
		{7C12DA36-676A-49B3-B59D-C07C96539620}.Release|x64.ActiveCfg = Release|x64
		{7C12DA36-676A-49B3-B59D-C07C96539620}.Release|x64.Build.0 = Release|x64
		{7C12DA36-676A-49B3-B59D-C07C96539620}.Release|x86.ActiveCfg = Release|x86
		{7C12DA36-676A-49B3-B59D-C07C96539620}.Release|x86.Build.0 = Release|x86
		{EB833D79-9D87-48EC-B396-79AACE685253}.Debug|Any CPU.ActiveCfg = Debug|Any CPU
		{EB833D79-9D87-48EC-B396-79AACE685253}.Debug|Any CPU.Build.0 = Debug|Any CPU
		{EB833D79-9D87-48EC-B396-79AACE685253}.Debug|x64.ActiveCfg = Debug|x64
		{EB833D79-9D87-48EC-B396-79AACE685253}.Debug|x64.Build.0 = Debug|x64
		{EB833D79-9D87-48EC-B396-79AACE685253}.Debug|x86.ActiveCfg = Debug|x86
		{EB833D79-9D87-48EC-B396-79AACE685253}.Debug|x86.Build.0 = Debug|x86
		{EB833D79-9D87-48EC-B396-79AACE685253}.Release|Any CPU.ActiveCfg = Release|Any CPU
		{EB833D79-9D87-48EC-B396-79AACE685253}.Release|Any CPU.Build.0 = Release|Any CPU
		{EB833D79-9D87-48EC-B396-79AACE685253}.Release|x64.ActiveCfg = Release|x64
		{EB833D79-9D87-48EC-B396-79AACE685253}.Release|x64.Build.0 = Release|x64
		{EB833D79-9D87-48EC-B396-79AACE685253}.Release|x86.ActiveCfg = Release|x86
		{EB833D79-9D87-48EC-B396-79AACE685253}.Release|x86.Build.0 = Release|x86
		{F7CAB867-EDEF-4E74-91BF-6C5385DCF513}.Debug|Any CPU.ActiveCfg = Debug|Any CPU
		{F7CAB867-EDEF-4E74-91BF-6C5385DCF513}.Debug|Any CPU.Build.0 = Debug|Any CPU
		{F7CAB867-EDEF-4E74-91BF-6C5385DCF513}.Debug|x64.ActiveCfg = Debug|x64
		{F7CAB867-EDEF-4E74-91BF-6C5385DCF513}.Debug|x64.Build.0 = Debug|x64
		{F7CAB867-EDEF-4E74-91BF-6C5385DCF513}.Debug|x86.ActiveCfg = Debug|x86
		{F7CAB867-EDEF-4E74-91BF-6C5385DCF513}.Debug|x86.Build.0 = Debug|x86
		{F7CAB867-EDEF-4E74-91BF-6C5385DCF513}.Release|Any CPU.ActiveCfg = Release|Any CPU
		{F7CAB867-EDEF-4E74-91BF-6C5385DCF513}.Release|Any CPU.Build.0 = Release|Any CPU
		{F7CAB867-EDEF-4E74-91BF-6C5385DCF513}.Release|x64.ActiveCfg = Release|x64
		{F7CAB867-EDEF-4E74-91BF-6C5385DCF513}.Release|x64.Build.0 = Release|x64
		{F7CAB867-EDEF-4E74-91BF-6C5385DCF513}.Release|x86.ActiveCfg = Release|x86
		{F7CAB867-EDEF-4E74-91BF-6C5385DCF513}.Release|x86.Build.0 = Release|x86
		{E3052CDD-4FBB-44CA-9674-580CC45BE0A7}.Debug|Any CPU.ActiveCfg = Debug|Any CPU
		{E3052CDD-4FBB-44CA-9674-580CC45BE0A7}.Debug|Any CPU.Build.0 = Debug|Any CPU
		{E3052CDD-4FBB-44CA-9674-580CC45BE0A7}.Debug|x64.ActiveCfg = Debug|Any CPU
		{E3052CDD-4FBB-44CA-9674-580CC45BE0A7}.Debug|x64.Build.0 = Debug|Any CPU
		{E3052CDD-4FBB-44CA-9674-580CC45BE0A7}.Debug|x86.ActiveCfg = Debug|x86
		{E3052CDD-4FBB-44CA-9674-580CC45BE0A7}.Debug|x86.Build.0 = Debug|x86
		{E3052CDD-4FBB-44CA-9674-580CC45BE0A7}.Release|Any CPU.ActiveCfg = Release|Any CPU
		{E3052CDD-4FBB-44CA-9674-580CC45BE0A7}.Release|Any CPU.Build.0 = Release|Any CPU
		{E3052CDD-4FBB-44CA-9674-580CC45BE0A7}.Release|x64.ActiveCfg = Release|Any CPU
		{E3052CDD-4FBB-44CA-9674-580CC45BE0A7}.Release|x64.Build.0 = Release|Any CPU
		{E3052CDD-4FBB-44CA-9674-580CC45BE0A7}.Release|x86.ActiveCfg = Release|Any CPU
		{E3052CDD-4FBB-44CA-9674-580CC45BE0A7}.Release|x86.Build.0 = Release|Any CPU
		{6A845B4B-9A1B-4BA1-918E-0C9DAE8E1464}.Debug|Any CPU.ActiveCfg = Debug|Any CPU
		{6A845B4B-9A1B-4BA1-918E-0C9DAE8E1464}.Debug|Any CPU.Build.0 = Debug|Any CPU
		{6A845B4B-9A1B-4BA1-918E-0C9DAE8E1464}.Debug|x64.ActiveCfg = Debug|Any CPU
		{6A845B4B-9A1B-4BA1-918E-0C9DAE8E1464}.Debug|x64.Build.0 = Debug|Any CPU
		{6A845B4B-9A1B-4BA1-918E-0C9DAE8E1464}.Debug|x86.ActiveCfg = Debug|x86
		{6A845B4B-9A1B-4BA1-918E-0C9DAE8E1464}.Debug|x86.Build.0 = Debug|x86
		{6A845B4B-9A1B-4BA1-918E-0C9DAE8E1464}.Release|Any CPU.ActiveCfg = Release|Any CPU
		{6A845B4B-9A1B-4BA1-918E-0C9DAE8E1464}.Release|Any CPU.Build.0 = Release|Any CPU
		{6A845B4B-9A1B-4BA1-918E-0C9DAE8E1464}.Release|x64.ActiveCfg = Release|Any CPU
		{6A845B4B-9A1B-4BA1-918E-0C9DAE8E1464}.Release|x64.Build.0 = Release|Any CPU
		{6A845B4B-9A1B-4BA1-918E-0C9DAE8E1464}.Release|x86.ActiveCfg = Release|Any CPU
		{6A845B4B-9A1B-4BA1-918E-0C9DAE8E1464}.Release|x86.Build.0 = Release|Any CPU
	EndGlobalSection
	GlobalSection(SolutionProperties) = preSolution
		HideSolutionNode = FALSE
	EndGlobalSection
EndGlobal
